
Microsoft Visual Studio Solution File, Format Version 12.00
# Visual Studio Version 17
VisualStudioVersion = 17.5.33502.453
MinimumVisualStudioVersion = 10.0.40219.1
Project("{FAE04EC0-301F-11D3-BF4B-00C04F79EFBC}") = "APIDemo", "APIDemo.csproj", "{EFD5E35F-0D7D-42C9-A5C6-5DA4D02EAF14}"
EndProject
Global
	GlobalSection(SolutionConfigurationPlatforms) = preSolution
		Debug|Any CPU = Debug|Any CPU
		Release|Any CPU = Release|Any CPU
	EndGlobalSection
	GlobalSection(ProjectConfigurationPlatforms) = postSolution
		{EFD5E35F-0D7D-42C9-A5C6-5DA4D02EAF14}.Debug|Any CPU.ActiveCfg = Debug|Any CPU
		{EFD5E35F-0D7D-42C9-A5C6-5DA4D02EAF14}.Debug|Any CPU.Build.0 = Debug|Any CPU
		{EFD5E35F-0D7D-42C9-A5C6-5DA4D02EAF14}.Release|Any CPU.ActiveCfg = Release|Any CPU
		{EFD5E35F-0D7D-42C9-A5C6-5DA4D02EAF14}.Release|Any CPU.Build.0 = Release|Any CPU
	EndGlobalSection
	GlobalSection(SolutionProperties) = preSolution
		HideSolutionNode = FALSE
	EndGlobalSection
	GlobalSection(ExtensibilityGlobals) = postSolution
		SolutionGuid = {3656AFE8-CA77-401E-9A8A-B97351477E1B}
	EndGlobalSection
EndGlobal
